
Microsoft Visual Studio Solution File, Format Version 12.00
# Visual Studio Version 16
VisualStudioVersion = 16.0.34114.132
MinimumVisualStudioVersion = 10.0.40219.1
Project("{FAE04EC0-301F-11D3-BF4B-00C04F79EFBC}") = "ServidorMemoramaLis_Servidor", "ServidorMemoramaLis_Servidor\ServidorMemoramaLis_Servidor.csproj", "{34DBCB8F-71DE-4748-8D39-FF0F144CEF1C}"
EndProject
Project("{FAE04EC0-301F-11D3-BF4B-00C04F79EFBC}") = "ServidorMemoramaLis.Contracts", "InicioDeSesionService.Contracts\ServidorMemoramaLis.Contracts.csproj", "{117A54DD-8408-48D8-AD9B-335353E0E3AF}"
EndProject
Project("{FAE04EC0-301F-11D3-BF4B-00C04F79EFBC}") = "Dominio", "Dominio\Dominio.csproj", "{EA42A4A9-5012-4070-A875-E36CD1B249FF}"
EndProject
Project("{FAE04EC0-301F-11D3-BF4B-00C04F79EFBC}") = "AccesoADatos", "AccesoADatos\AccesoADatos.csproj", "{FE0BD2DA-4DC9-4366-A7C4-43A3DA96725E}"
EndProject
Global
	GlobalSection(SolutionConfigurationPlatforms) = preSolution
		Debug|Any CPU = Debug|Any CPU
		Release|Any CPU = Release|Any CPU
	EndGlobalSection
	GlobalSection(ProjectConfigurationPlatforms) = postSolution
		{34DBCB8F-71DE-4748-8D39-FF0F144CEF1C}.Debug|Any CPU.ActiveCfg = Debug|Any CPU
		{34DBCB8F-71DE-4748-8D39-FF0F144CEF1C}.Debug|Any CPU.Build.0 = Debug|Any CPU
		{34DBCB8F-71DE-4748-8D39-FF0F144CEF1C}.Release|Any CPU.ActiveCfg = Release|Any CPU
		{34DBCB8F-71DE-4748-8D39-FF0F144CEF1C}.Release|Any CPU.Build.0 = Release|Any CPU
		{117A54DD-8408-48D8-AD9B-335353E0E3AF}.Debug|Any CPU.ActiveCfg = Debug|Any CPU
		{117A54DD-8408-48D8-AD9B-335353E0E3AF}.Debug|Any CPU.Build.0 = Debug|Any CPU
		{117A54DD-8408-48D8-AD9B-335353E0E3AF}.Release|Any CPU.ActiveCfg = Release|Any CPU
		{117A54DD-8408-48D8-AD9B-335353E0E3AF}.Release|Any CPU.Build.0 = Release|Any CPU
		{EA42A4A9-5012-4070-A875-E36CD1B249FF}.Debug|Any CPU.ActiveCfg = Debug|Any CPU
		{EA42A4A9-5012-4070-A875-E36CD1B249FF}.Debug|Any CPU.Build.0 = Debug|Any CPU
		{EA42A4A9-5012-4070-A875-E36CD1B249FF}.Release|Any CPU.ActiveCfg = Release|Any CPU
		{EA42A4A9-5012-4070-A875-E36CD1B249FF}.Release|Any CPU.Build.0 = Release|Any CPU
		{FE0BD2DA-4DC9-4366-A7C4-43A3DA96725E}.Debug|Any CPU.ActiveCfg = Debug|Any CPU
		{FE0BD2DA-4DC9-4366-A7C4-43A3DA96725E}.Debug|Any CPU.Build.0 = Debug|Any CPU
		{FE0BD2DA-4DC9-4366-A7C4-43A3DA96725E}.Release|Any CPU.ActiveCfg = Release|Any CPU
		{FE0BD2DA-4DC9-4366-A7C4-43A3DA96725E}.Release|Any CPU.Build.0 = Release|Any CPU
	EndGlobalSection
	GlobalSection(SolutionProperties) = preSolution
		HideSolutionNode = FALSE
	EndGlobalSection
	GlobalSection(ExtensibilityGlobals) = postSolution
		SolutionGuid = {30E4A144-4A7D-4413-A773-9826DF24B273}
	EndGlobalSection
EndGlobal
